// !$*UTF8*$!
{
	archiveVersion = 1;
	classes = {
	};
	objectVersion = 46;
	objects = {

/* Begin PBXBuildFile section */
		A38C706C1A91E146001CB0E3 /* Projet_SDL_Xcode6Tests.m in Sources */ = {isa = PBXBuildFile; fileRef = A38C706B1A91E146001CB0E3 /* Projet_SDL_Xcode6Tests.m */; };
		A38C70771A91E35F001CB0E3 /* SDLMain.m in Sources */ = {isa = PBXBuildFile; fileRef = A38C70761A91E35F001CB0E3 /* SDLMain.m */; };
		A38C70791A91E39D001CB0E3 /* main.c in Sources */ = {isa = PBXBuildFile; fileRef = A38C70781A91E39D001CB0E3 /* main.c */; };
		A38C707B1A91E430001CB0E3 /* Cocoa.framework in Frameworks */ = {isa = PBXBuildFile; fileRef = A38C707A1A91E430001CB0E3 /* Cocoa.framework */; };
		A38C707D1A91E458001CB0E3 /* SDL.framework in Frameworks */ = {isa = PBXBuildFile; fileRef = A38C707C1A91E458001CB0E3 /* SDL.framework */; };
		F6897C201B2C7E300016525B /* choix.c in Sources */ = {isa = PBXBuildFile; fileRef = F6897C1E1B2C7E300016525B /* choix.c */; };
		F6897C271B2C7E5E0016525B /* initPlateau.c in Sources */ = {isa = PBXBuildFile; fileRef = F6897C211B2C7E5E0016525B /* initPlateau.c */; };
		F6897C281B2C7E5E0016525B /* dessiner.c in Sources */ = {isa = PBXBuildFile; fileRef = F6897C231B2C7E5E0016525B /* dessiner.c */; };
		F6897C291B2C7E5E0016525B /* gestionRayon.c in Sources */ = {isa = PBXBuildFile; fileRef = F6897C251B2C7E5E0016525B /* gestionRayon.c */; };
		F6897C6E1B2C843C0016525B /* 0.bmp in Resources */ = {isa = PBXBuildFile; fileRef = F6897C591B2C843C0016525B /* 0.bmp */; };
		F6897C6F1B2C843C0016525B /* 1.bmp in Resources */ = {isa = PBXBuildFile; fileRef = F6897C5A1B2C843C0016525B /* 1.bmp */; };
		F6897C701B2C843C0016525B /* 2.bmp in Resources */ = {isa = PBXBuildFile; fileRef = F6897C5B1B2C843C0016525B /* 2.bmp */; };
		F6897C711B2C843C0016525B /* 3.bmp in Resources */ = {isa = PBXBuildFile; fileRef = F6897C5C1B2C843C0016525B /* 3.bmp */; };
		F6897C721B2C843C0016525B /* 4.bmp in Resources */ = {isa = PBXBuildFile; fileRef = F6897C5D1B2C843C0016525B /* 4.bmp */; };
		F6897C731B2C843C0016525B /* 5.0.bmp in Resources */ = {isa = PBXBuildFile; fileRef = F6897C5E1B2C843C0016525B /* 5.0.bmp */; };
		F6897C741B2C843C0016525B /* 5.1.bmp in Resources */ = {isa = PBXBuildFile; fileRef = F6897C5F1B2C843C0016525B /* 5.1.bmp */; };
		F6897C751B2C843C0016525B /* 5.2.bmp in Resources */ = {isa = PBXBuildFile; fileRef = F6897C601B2C843C0016525B /* 5.2.bmp */; };
		F6897C761B2C843C0016525B /* 5.3.bmp in Resources */ = {isa = PBXBuildFile; fileRef = F6897C611B2C843C0016525B /* 5.3.bmp */; };
		F6897C771B2C843C0016525B /* 5.4.bmp in Resources */ = {isa = PBXBuildFile; fileRef = F6897C621B2C843C0016525B /* 5.4.bmp */; };
		F6897C781B2C843C0016525B /* 5.5.bmp in Resources */ = {isa = PBXBuildFile; fileRef = F6897C631B2C843C0016525B /* 5.5.bmp */; };
		F6897C791B2C843C0016525B /* 5.6.bmp in Resources */ = {isa = PBXBuildFile; fileRef = F6897C641B2C843C0016525B /* 5.6.bmp */; };
		F6897C7A1B2C843C0016525B /* 5.7.bmp in Resources */ = {isa = PBXBuildFile; fileRef = F6897C651B2C843C0016525B /* 5.7.bmp */; };
		F6897C7B1B2C843C0016525B /* 5.8.bmp in Resources */ = {isa = PBXBuildFile; fileRef = F6897C661B2C843C0016525B /* 5.8.bmp */; };
		F6897C7C1B2C843C0016525B /* 5.9.bmp in Resources */ = {isa = PBXBuildFile; fileRef = F6897C671B2C843C0016525B /* 5.9.bmp */; };
		F6897C7D1B2C843C0016525B /* 6.bmp in Resources */ = {isa = PBXBuildFile; fileRef = F6897C681B2C843C0016525B /* 6.bmp */; };
		F6897C7E1B2C843C0016525B /* 7.bmp in Resources */ = {isa = PBXBuildFile; fileRef = F6897C691B2C843C0016525B /* 7.bmp */; };
		F6897C7F1B2C843C0016525B /* ChoixFont.bmp in Resources */ = {isa = PBXBuildFile; fileRef = F6897C6A1B2C843C0016525B /* ChoixFont.bmp */; };
		F6897C801B2C843C0016525B /* MenuFont.bmp in Resources */ = {isa = PBXBuildFile; fileRef = F6897C6B1B2C843C0016525B /* MenuFont.bmp */; };
		F6897C811B2C843C0016525B /* StartGame.bmp in Resources */ = {isa = PBXBuildFile; fileRef = F6897C6C1B2C843C0016525B /* StartGame.bmp */; };
		F6897C821B2C843C0016525B /* choix.bmp in Resources */ = {isa = PBXBuildFile; fileRef = F6897C6D1B2C843C0016525B /* choix.bmp */; };
		F6ACF4321B2CB19600626B80 /* dessinerSDL.c in Sources */ = {isa = PBXBuildFile; fileRef = F6ACF42E1B2CB19600626B80 /* dessinerSDL.c */; };
		F6ACF4331B2CB19600626B80 /* jeuSDL.c in Sources */ = {isa = PBXBuildFile; fileRef = F6ACF4301B2CB19600626B80 /* jeuSDL.c */; };
		F6E8A8021B2D05E2007BF8C4 /* gameover.bmp in Resources */ = {isa = PBXBuildFile; fileRef = F6E8A8001B2D05E2007BF8C4 /* gameover.bmp */; };
		F6E8A8031B2D05E2007BF8C4 /* win.bmp in Resources */ = {isa = PBXBuildFile; fileRef = F6E8A8011B2D05E2007BF8C4 /* win.bmp */; };
/* End PBXBuildFile section */

/* Begin PBXContainerItemProxy section */
		A38C70661A91E146001CB0E3 /* PBXContainerItemProxy */ = {
			isa = PBXContainerItemProxy;
			containerPortal = A38C704A1A91E146001CB0E3 /* Project object */;
			proxyType = 1;
			remoteGlobalIDString = A38C70511A91E146001CB0E3;
			remoteInfo = "Projet SDL Xcode6";
		};
/* End PBXContainerItemProxy section */

/* Begin PBXFileReference section */
		A38C70521A91E146001CB0E3 /* Projet SDL Xcode6.app */ = {isa = PBXFileReference; explicitFileType = wrapper.application; includeInIndex = 0; path = "Projet SDL Xcode6.app"; sourceTree = BUILT_PRODUCTS_DIR; };
		A38C70561A91E146001CB0E3 /* Info.plist */ = {isa = PBXFileReference; lastKnownFileType = text.plist.xml; path = Info.plist; sourceTree = "<group>"; };
		A38C70651A91E146001CB0E3 /* Projet SDL Xcode6Tests.xctest */ = {isa = PBXFileReference; explicitFileType = wrapper.cfbundle; includeInIndex = 0; path = "Projet SDL Xcode6Tests.xctest"; sourceTree = BUILT_PRODUCTS_DIR; };
		A38C706A1A91E146001CB0E3 /* Info.plist */ = {isa = PBXFileReference; lastKnownFileType = text.plist.xml; path = Info.plist; sourceTree = "<group>"; };
		A38C706B1A91E146001CB0E3 /* Projet_SDL_Xcode6Tests.m */ = {isa = PBXFileReference; lastKnownFileType = sourcecode.c.objc; path = Projet_SDL_Xcode6Tests.m; sourceTree = "<group>"; };
		A38C70751A91E35F001CB0E3 /* SDLMain.h */ = {isa = PBXFileReference; fileEncoding = 4; lastKnownFileType = sourcecode.c.h; path = SDLMain.h; sourceTree = "<group>"; };
		A38C70761A91E35F001CB0E3 /* SDLMain.m */ = {isa = PBXFileReference; fileEncoding = 4; lastKnownFileType = sourcecode.c.objc; path = SDLMain.m; sourceTree = "<group>"; };
		A38C70781A91E39D001CB0E3 /* main.c */ = {isa = PBXFileReference; fileEncoding = 4; lastKnownFileType = sourcecode.c.c; path = main.c; sourceTree = "<group>"; };
		A38C707A1A91E430001CB0E3 /* Cocoa.framework */ = {isa = PBXFileReference; lastKnownFileType = wrapper.framework; name = Cocoa.framework; path = System/Library/Frameworks/Cocoa.framework; sourceTree = SDKROOT; };
		A38C707C1A91E458001CB0E3 /* SDL.framework */ = {isa = PBXFileReference; lastKnownFileType = wrapper.framework; name = SDL.framework; path = "../../Utilisateurs Mac/arthurj972/Library/Frameworks/SDL.framework"; sourceTree = "<group>"; };
		F6897C1E1B2C7E300016525B /* choix.c */ = {isa = PBXFileReference; fileEncoding = 4; lastKnownFileType = sourcecode.c.c; path = choix.c; sourceTree = "<group>"; };
		F6897C1F1B2C7E300016525B /* choix.h */ = {isa = PBXFileReference; fileEncoding = 4; lastKnownFileType = sourcecode.c.h; path = choix.h; sourceTree = "<group>"; };
		F6897C211B2C7E5E0016525B /* initPlateau.c */ = {isa = PBXFileReference; fileEncoding = 4; lastKnownFileType = sourcecode.c.c; path = initPlateau.c; sourceTree = "<group>"; };
		F6897C221B2C7E5E0016525B /* initPlateau.h */ = {isa = PBXFileReference; fileEncoding = 4; lastKnownFileType = sourcecode.c.h; path = initPlateau.h; sourceTree = "<group>"; };
		F6897C231B2C7E5E0016525B /* dessiner.c */ = {isa = PBXFileReference; fileEncoding = 4; lastKnownFileType = sourcecode.c.c; lineEnding = 0; path = dessiner.c; sourceTree = "<group>"; xcLanguageSpecificationIdentifier = xcode.lang.c; };
		F6897C241B2C7E5E0016525B /* dessiner.h */ = {isa = PBXFileReference; fileEncoding = 4; lastKnownFileType = sourcecode.c.h; path = dessiner.h; sourceTree = "<group>"; };
		F6897C251B2C7E5E0016525B /* gestionRayon.c */ = {isa = PBXFileReference; fileEncoding = 4; lastKnownFileType = sourcecode.c.c; path = gestionRayon.c; sourceTree = "<group>"; };
		F6897C261B2C7E5E0016525B /* gestionRayon.h */ = {isa = PBXFileReference; fileEncoding = 4; lastKnownFileType = sourcecode.c.h; path = gestionRayon.h; sourceTree = "<group>"; };
		F6897C571B2C80A10016525B /* constantes.h */ = {isa = PBXFileReference; lastKnownFileType = sourcecode.c.h; path = constantes.h; sourceTree = "<group>"; };
		F6897C591B2C843C0016525B /* 0.bmp */ = {isa = PBXFileReference; lastKnownFileType = image.bmp; path = 0.bmp; sourceTree = "<group>"; };
		F6897C5A1B2C843C0016525B /* 1.bmp */ = {isa = PBXFileReference; lastKnownFileType = image.bmp; path = 1.bmp; sourceTree = "<group>"; };
		F6897C5B1B2C843C0016525B /* 2.bmp */ = {isa = PBXFileReference; lastKnownFileType = image.bmp; path = 2.bmp; sourceTree = "<group>"; };
		F6897C5C1B2C843C0016525B /* 3.bmp */ = {isa = PBXFileReference; lastKnownFileType = image.bmp; path = 3.bmp; sourceTree = "<group>"; };
		F6897C5D1B2C843C0016525B /* 4.bmp */ = {isa = PBXFileReference; lastKnownFileType = image.bmp; path = 4.bmp; sourceTree = "<group>"; };
		F6897C5E1B2C843C0016525B /* 5.0.bmp */ = {isa = PBXFileReference; lastKnownFileType = image.bmp; path = 5.0.bmp; sourceTree = "<group>"; };
		F6897C5F1B2C843C0016525B /* 5.1.bmp */ = {isa = PBXFileReference; lastKnownFileType = image.bmp; path = 5.1.bmp; sourceTree = "<group>"; };
		F6897C601B2C843C0016525B /* 5.2.bmp */ = {isa = PBXFileReference; lastKnownFileType = image.bmp; path = 5.2.bmp; sourceTree = "<group>"; };
		F6897C611B2C843C0016525B /* 5.3.bmp */ = {isa = PBXFileReference; lastKnownFileType = image.bmp; path = 5.3.bmp; sourceTree = "<group>"; };
		F6897C621B2C843C0016525B /* 5.4.bmp */ = {isa = PBXFileReference; lastKnownFileType = image.bmp; path = 5.4.bmp; sourceTree = "<group>"; };
		F6897C631B2C843C0016525B /* 5.5.bmp */ = {isa = PBXFileReference; lastKnownFileType = image.bmp; path = 5.5.bmp; sourceTree = "<group>"; };
		F6897C641B2C843C0016525B /* 5.6.bmp */ = {isa = PBXFileReference; lastKnownFileType = image.bmp; path = 5.6.bmp; sourceTree = "<group>"; };
		F6897C651B2C843C0016525B /* 5.7.bmp */ = {isa = PBXFileReference; lastKnownFileType = image.bmp; path = 5.7.bmp; sourceTree = "<group>"; };
		F6897C661B2C843C0016525B /* 5.8.bmp */ = {isa = PBXFileReference; lastKnownFileType = image.bmp; path = 5.8.bmp; sourceTree = "<group>"; };
		F6897C671B2C843C0016525B /* 5.9.bmp */ = {isa = PBXFileReference; lastKnownFileType = image.bmp; path = 5.9.bmp; sourceTree = "<group>"; };
		F6897C681B2C843C0016525B /* 6.bmp */ = {isa = PBXFileReference; lastKnownFileType = image.bmp; path = 6.bmp; sourceTree = "<group>"; };
		F6897C691B2C843C0016525B /* 7.bmp */ = {isa = PBXFileReference; lastKnownFileType = image.bmp; path = 7.bmp; sourceTree = "<group>"; };
		F6897C6A1B2C843C0016525B /* ChoixFont.bmp */ = {isa = PBXFileReference; lastKnownFileType = image.bmp; path = ChoixFont.bmp; sourceTree = "<group>"; };
		F6897C6B1B2C843C0016525B /* MenuFont.bmp */ = {isa = PBXFileReference; lastKnownFileType = image.bmp; path = MenuFont.bmp; sourceTree = "<group>"; };
		F6897C6C1B2C843C0016525B /* StartGame.bmp */ = {isa = PBXFileReference; lastKnownFileType = image.bmp; path = StartGame.bmp; sourceTree = "<group>"; };
		F6897C6D1B2C843C0016525B /* choix.bmp */ = {isa = PBXFileReference; lastKnownFileType = image.bmp; path = choix.bmp; sourceTree = "<group>"; };
		F6ACF42E1B2CB19600626B80 /* dessinerSDL.c */ = {isa = PBXFileReference; fileEncoding = 4; lastKnownFileType = sourcecode.c.c; path = dessinerSDL.c; sourceTree = "<group>"; };
		F6ACF42F1B2CB19600626B80 /* dessinerSDL.h */ = {isa = PBXFileReference; fileEncoding = 4; lastKnownFileType = sourcecode.c.h; path = dessinerSDL.h; sourceTree = "<group>"; };
		F6ACF4301B2CB19600626B80 /* jeuSDL.c */ = {isa = PBXFileReference; fileEncoding = 4; lastKnownFileType = sourcecode.c.c; path = jeuSDL.c; sourceTree = "<group>"; };
		F6ACF4311B2CB19600626B80 /* jeuSDL.h */ = {isa = PBXFileReference; fileEncoding = 4; lastKnownFileType = sourcecode.c.h; path = jeuSDL.h; sourceTree = "<group>"; };
		F6E8A8001B2D05E2007BF8C4 /* gameover.bmp */ = {isa = PBXFileReference; lastKnownFileType = image.bmp; path = gameover.bmp; sourceTree = "<group>"; };
		F6E8A8011B2D05E2007BF8C4 /* win.bmp */ = {isa = PBXFileReference; lastKnownFileType = image.bmp; path = win.bmp; sourceTree = "<group>"; };
/* End PBXFileReference section */

/* Begin PBXFrameworksBuildPhase section */
		A38C704F1A91E146001CB0E3 /* Frameworks */ = {
			isa = PBXFrameworksBuildPhase;
			buildActionMask = 2147483647;
			files = (
				A38C707D1A91E458001CB0E3 /* SDL.framework in Frameworks */,
				A38C707B1A91E430001CB0E3 /* Cocoa.framework in Frameworks */,
			);
			runOnlyForDeploymentPostprocessing = 0;
		};
		A38C70621A91E146001CB0E3 /* Frameworks */ = {
			isa = PBXFrameworksBuildPhase;
			buildActionMask = 2147483647;
			files = (
			);
			runOnlyForDeploymentPostprocessing = 0;
		};
/* End PBXFrameworksBuildPhase section */

/* Begin PBXGroup section */
		A38C70491A91E146001CB0E3 = {
			isa = PBXGroup;
			children = (
				A38C707C1A91E458001CB0E3 /* SDL.framework */,
				A38C707A1A91E430001CB0E3 /* Cocoa.framework */,
				A38C70541A91E146001CB0E3 /* Projet SDL Xcode6 */,
				A38C70681A91E146001CB0E3 /* Projet SDL Xcode6Tests */,
				A38C70531A91E146001CB0E3 /* Products */,
			);
			sourceTree = "<group>";
		};
		A38C70531A91E146001CB0E3 /* Products */ = {
			isa = PBXGroup;
			children = (
				A38C70521A91E146001CB0E3 /* Projet SDL Xcode6.app */,
				A38C70651A91E146001CB0E3 /* Projet SDL Xcode6Tests.xctest */,
			);
			name = Products;
			sourceTree = "<group>";
		};
		A38C70541A91E146001CB0E3 /* Projet SDL Xcode6 */ = {
			isa = PBXGroup;
			children = (
				F6ACF42E1B2CB19600626B80 /* dessinerSDL.c */,
				F6ACF42F1B2CB19600626B80 /* dessinerSDL.h */,
				F6ACF4301B2CB19600626B80 /* jeuSDL.c */,
				F6ACF4311B2CB19600626B80 /* jeuSDL.h */,
				A38C70781A91E39D001CB0E3 /* main.c */,
				F6897C211B2C7E5E0016525B /* initPlateau.c */,
				F6897C221B2C7E5E0016525B /* initPlateau.h */,
				F6897C231B2C7E5E0016525B /* dessiner.c */,
				F6897C241B2C7E5E0016525B /* dessiner.h */,
				F6897C251B2C7E5E0016525B /* gestionRayon.c */,
				F6897C261B2C7E5E0016525B /* gestionRayon.h */,
				F6897C1E1B2C7E300016525B /* choix.c */,
				F6897C1F1B2C7E300016525B /* choix.h */,
				F6897C571B2C80A10016525B /* constantes.h */,
				A38C70751A91E35F001CB0E3 /* SDLMain.h */,
				A38C70761A91E35F001CB0E3 /* SDLMain.m */,
				F6897C581B2C843C0016525B /* img */,
				A38C70551A91E146001CB0E3 /* Supporting Files */,
			);
			path = "Projet SDL Xcode6";
			sourceTree = "<group>";
		};
		A38C70551A91E146001CB0E3 /* Supporting Files */ = {
			isa = PBXGroup;
			children = (
				A38C70561A91E146001CB0E3 /* Info.plist */,
			);
			name = "Supporting Files";
			sourceTree = "<group>";
		};
		A38C70681A91E146001CB0E3 /* Projet SDL Xcode6Tests */ = {
			isa = PBXGroup;
			children = (
				A38C706B1A91E146001CB0E3 /* Projet_SDL_Xcode6Tests.m */,
				A38C70691A91E146001CB0E3 /* Supporting Files */,
			);
			path = "Projet SDL Xcode6Tests";
			sourceTree = "<group>";
		};
		A38C70691A91E146001CB0E3 /* Supporting Files */ = {
			isa = PBXGroup;
			children = (
				A38C706A1A91E146001CB0E3 /* Info.plist */,
			);
			name = "Supporting Files";
			sourceTree = "<group>";
		};
		F6897C581B2C843C0016525B /* img */ = {
			isa = PBXGroup;
			children = (
				F6897C591B2C843C0016525B /* 0.bmp */,
				F6897C5A1B2C843C0016525B /* 1.bmp */,
				F6897C5B1B2C843C0016525B /* 2.bmp */,
				F6E8A8001B2D05E2007BF8C4 /* gameover.bmp */,
				F6E8A8011B2D05E2007BF8C4 /* win.bmp */,
				F6897C5C1B2C843C0016525B /* 3.bmp */,
				F6897C5D1B2C843C0016525B /* 4.bmp */,
				F6897C5E1B2C843C0016525B /* 5.0.bmp */,
				F6897C5F1B2C843C0016525B /* 5.1.bmp */,
				F6897C601B2C843C0016525B /* 5.2.bmp */,
				F6897C611B2C843C0016525B /* 5.3.bmp */,
				F6897C621B2C843C0016525B /* 5.4.bmp */,
				F6897C631B2C843C0016525B /* 5.5.bmp */,
				F6897C641B2C843C0016525B /* 5.6.bmp */,
				F6897C651B2C843C0016525B /* 5.7.bmp */,
				F6897C661B2C843C0016525B /* 5.8.bmp */,
				F6897C671B2C843C0016525B /* 5.9.bmp */,
				F6897C681B2C843C0016525B /* 6.bmp */,
				F6897C691B2C843C0016525B /* 7.bmp */,
				F6897C6A1B2C843C0016525B /* ChoixFont.bmp */,
				F6897C6B1B2C843C0016525B /* MenuFont.bmp */,
				F6897C6C1B2C843C0016525B /* StartGame.bmp */,
				F6897C6D1B2C843C0016525B /* choix.bmp */,
			);
			path = img;
			sourceTree = "<group>";
		};
/* End PBXGroup section */

/* Begin PBXNativeTarget section */
		A38C70511A91E146001CB0E3 /* Projet SDL Xcode6 */ = {
			isa = PBXNativeTarget;
			buildConfigurationList = A38C706F1A91E146001CB0E3 /* Build configuration list for PBXNativeTarget "Projet SDL Xcode6" */;
			buildPhases = (
				A38C704E1A91E146001CB0E3 /* Sources */,
				A38C704F1A91E146001CB0E3 /* Frameworks */,
				A38C70501A91E146001CB0E3 /* Resources */,
			);
			buildRules = (
			);
			dependencies = (
			);
			name = "Projet SDL Xcode6";
			productName = "Projet SDL Xcode6";
			productReference = A38C70521A91E146001CB0E3 /* Projet SDL Xcode6.app */;
			productType = "com.apple.product-type.application";
		};
		A38C70641A91E146001CB0E3 /* Projet SDL Xcode6Tests */ = {
			isa = PBXNativeTarget;
			buildConfigurationList = A38C70721A91E146001CB0E3 /* Build configuration list for PBXNativeTarget "Projet SDL Xcode6Tests" */;
			buildPhases = (
				A38C70611A91E146001CB0E3 /* Sources */,
				A38C70621A91E146001CB0E3 /* Frameworks */,
				A38C70631A91E146001CB0E3 /* Resources */,
			);
			buildRules = (
			);
			dependencies = (
				A38C70671A91E146001CB0E3 /* PBXTargetDependency */,
			);
			name = "Projet SDL Xcode6Tests";
			productName = "Projet SDL Xcode6Tests";
			productReference = A38C70651A91E146001CB0E3 /* Projet SDL Xcode6Tests.xctest */;
			productType = "com.apple.product-type.bundle.unit-test";
		};
/* End PBXNativeTarget section */

/* Begin PBXProject section */
		A38C704A1A91E146001CB0E3 /* Project object */ = {
			isa = PBXProject;
			attributes = {
				LastUpgradeCheck = 0610;
				ORGANIZATIONNAME = "A-J-Evolution.com";
				TargetAttributes = {
					A38C70511A91E146001CB0E3 = {
						CreatedOnToolsVersion = 6.1.1;
					};
					A38C70641A91E146001CB0E3 = {
						CreatedOnToolsVersion = 6.1.1;
						TestTargetID = A38C70511A91E146001CB0E3;
					};
				};
			};
			buildConfigurationList = A38C704D1A91E146001CB0E3 /* Build configuration list for PBXProject "Projet SDL Xcode6" */;
			compatibilityVersion = "Xcode 3.2";
			developmentRegion = English;
			hasScannedForEncodings = 0;
			knownRegions = (
				en,
				Base,
			);
			mainGroup = A38C70491A91E146001CB0E3;
			productRefGroup = A38C70531A91E146001CB0E3 /* Products */;
			projectDirPath = "";
			projectRoot = "";
			targets = (
				A38C70511A91E146001CB0E3 /* Projet SDL Xcode6 */,
				A38C70641A91E146001CB0E3 /* Projet SDL Xcode6Tests */,
			);
		};
/* End PBXProject section */

/* Begin PBXResourcesBuildPhase section */
		A38C70501A91E146001CB0E3 /* Resources */ = {
			isa = PBXResourcesBuildPhase;
			buildActionMask = 2147483647;
			files = (
				F6897C701B2C843C0016525B /* 2.bmp in Resources */,
				F6897C7A1B2C843C0016525B /* 5.7.bmp in Resources */,
				F6897C751B2C843C0016525B /* 5.2.bmp in Resources */,
				F6897C721B2C843C0016525B /* 4.bmp in Resources */,
				F6897C711B2C843C0016525B /* 3.bmp in Resources */,
				F6897C7E1B2C843C0016525B /* 7.bmp in Resources */,
				F6897C821B2C843C0016525B /* choix.bmp in Resources */,
				F6897C7F1B2C843C0016525B /* ChoixFont.bmp in Resources */,
				F6897C7B1B2C843C0016525B /* 5.8.bmp in Resources */,
				F6897C731B2C843C0016525B /* 5.0.bmp in Resources */,
				F6E8A8031B2D05E2007BF8C4 /* win.bmp in Resources */,
				F6897C781B2C843C0016525B /* 5.5.bmp in Resources */,
				F6897C811B2C843C0016525B /* StartGame.bmp in Resources */,
				F6897C7D1B2C843C0016525B /* 6.bmp in Resources */,
				F6897C6E1B2C843C0016525B /* 0.bmp in Resources */,
				F6897C7C1B2C843C0016525B /* 5.9.bmp in Resources */,
				F6E8A8021B2D05E2007BF8C4 /* gameover.bmp in Resources */,
				F6897C761B2C843C0016525B /* 5.3.bmp in Resources */,
				F6897C741B2C843C0016525B /* 5.1.bmp in Resources */,
				F6897C791B2C843C0016525B /* 5.6.bmp in Resources */,
				F6897C801B2C843C0016525B /* MenuFont.bmp in Resources */,
				F6897C6F1B2C843C0016525B /* 1.bmp in Resources */,
				F6897C771B2C843C0016525B /* 5.4.bmp in Resources */,
			);
			runOnlyForDeploymentPostprocessing = 0;
		};
		A38C70631A91E146001CB0E3 /* Resources */ = {
			isa = PBXResourcesBuildPhase;
			buildActionMask = 2147483647;
			files = (
			);
			runOnlyForDeploymentPostprocessing = 0;
		};
/* End PBXResourcesBuildPhase section */

/* Begin PBXSourcesBuildPhase section */
		A38C704E1A91E146001CB0E3 /* Sources */ = {
			isa = PBXSourcesBuildPhase;
			buildActionMask = 2147483647;
			files = (
				A38C70791A91E39D001CB0E3 /* main.c in Sources */,
				F6ACF4331B2CB19600626B80 /* jeuSDL.c in Sources */,
				F6897C271B2C7E5E0016525B /* initPlateau.c in Sources */,
				F6897C281B2C7E5E0016525B /* dessiner.c in Sources */,
				F6897C291B2C7E5E0016525B /* gestionRayon.c in Sources */,
				A38C70771A91E35F001CB0E3 /* SDLMain.m in Sources */,
				F6ACF4321B2CB19600626B80 /* dessinerSDL.c in Sources */,
				F6897C201B2C7E300016525B /* choix.c in Sources */,
			);
			runOnlyForDeploymentPostprocessing = 0;
		};
		A38C70611A91E146001CB0E3 /* Sources */ = {
			isa = PBXSourcesBuildPhase;
			buildActionMask = 2147483647;
			files = (
				A38C706C1A91E146001CB0E3 /* Projet_SDL_Xcode6Tests.m in Sources */,
			);
			runOnlyForDeploymentPostprocessing = 0;
		};
/* End PBXSourcesBuildPhase section */

/* Begin PBXTargetDependency section */
		A38C70671A91E146001CB0E3 /* PBXTargetDependency */ = {
			isa = PBXTargetDependency;
			target = A38C70511A91E146001CB0E3 /* Projet SDL Xcode6 */;
			targetProxy = A38C70661A91E146001CB0E3 /* PBXContainerItemProxy */;
		};
/* End PBXTargetDependency section */

/* Begin XCBuildConfiguration section */
		A38C706D1A91E146001CB0E3 /* Debug */ = {
			isa = XCBuildConfiguration;
			buildSettings = {
				ALWAYS_SEARCH_USER_PATHS = NO;
				CLANG_CXX_LANGUAGE_STANDARD = "gnu++0x";
				CLANG_CXX_LIBRARY = "libc++";
				CLANG_ENABLE_MODULES = YES;
				CLANG_ENABLE_OBJC_ARC = YES;
				CLANG_WARN_BOOL_CONVERSION = YES;
				CLANG_WARN_CONSTANT_CONVERSION = YES;
				CLANG_WARN_DIRECT_OBJC_ISA_USAGE = YES_ERROR;
				CLANG_WARN_EMPTY_BODY = YES;
				CLANG_WARN_ENUM_CONVERSION = YES;
				CLANG_WARN_INT_CONVERSION = YES;
				CLANG_WARN_OBJC_ROOT_CLASS = YES_ERROR;
				CLANG_WARN_UNREACHABLE_CODE = YES;
				CLANG_WARN__DUPLICATE_METHOD_MATCH = YES;
				CODE_SIGN_IDENTITY = "-";
				COPY_PHASE_STRIP = NO;
				ENABLE_STRICT_OBJC_MSGSEND = YES;
				GCC_C_LANGUAGE_STANDARD = gnu99;
				GCC_DYNAMIC_NO_PIC = NO;
				GCC_OPTIMIZATION_LEVEL = 0;
				GCC_PREPROCESSOR_DEFINITIONS = (
					"DEBUG=1",
					"$(inherited)",
				);
				GCC_SYMBOLS_PRIVATE_EXTERN = NO;
				GCC_WARN_64_TO_32_BIT_CONVERSION = YES;
				GCC_WARN_ABOUT_RETURN_TYPE = YES_ERROR;
				GCC_WARN_UNDECLARED_SELECTOR = YES;
				GCC_WARN_UNINITIALIZED_AUTOS = YES_AGGRESSIVE;
				GCC_WARN_UNUSED_FUNCTION = YES;
				GCC_WARN_UNUSED_VARIABLE = YES;
				MACOSX_DEPLOYMENT_TARGET = 10.10;
				MTL_ENABLE_DEBUG_INFO = YES;
				ONLY_ACTIVE_ARCH = YES;
				SDKROOT = macosx;
			};
			name = Debug;
		};
		A38C706E1A91E146001CB0E3 /* Release */ = {
			isa = XCBuildConfiguration;
			buildSettings = {
				ALWAYS_SEARCH_USER_PATHS = NO;
				CLANG_CXX_LANGUAGE_STANDARD = "gnu++0x";
				CLANG_CXX_LIBRARY = "libc++";
				CLANG_ENABLE_MODULES = YES;
				CLANG_ENABLE_OBJC_ARC = YES;
				CLANG_WARN_BOOL_CONVERSION = YES;
				CLANG_WARN_CONSTANT_CONVERSION = YES;
				CLANG_WARN_DIRECT_OBJC_ISA_USAGE = YES_ERROR;
				CLANG_WARN_EMPTY_BODY = YES;
				CLANG_WARN_ENUM_CONVERSION = YES;
				CLANG_WARN_INT_CONVERSION = YES;
				CLANG_WARN_OBJC_ROOT_CLASS = YES_ERROR;
				CLANG_WARN_UNREACHABLE_CODE = YES;
				CLANG_WARN__DUPLICATE_METHOD_MATCH = YES;
				CODE_SIGN_IDENTITY = "-";
				COPY_PHASE_STRIP = YES;
				DEBUG_INFORMATION_FORMAT = "dwarf-with-dsym";
				ENABLE_NS_ASSERTIONS = NO;
				ENABLE_STRICT_OBJC_MSGSEND = YES;
				GCC_C_LANGUAGE_STANDARD = gnu99;
				GCC_WARN_64_TO_32_BIT_CONVERSION = YES;
				GCC_WARN_ABOUT_RETURN_TYPE = YES_ERROR;
				GCC_WARN_UNDECLARED_SELECTOR = YES;
				GCC_WARN_UNINITIALIZED_AUTOS = YES_AGGRESSIVE;
				GCC_WARN_UNUSED_FUNCTION = YES;
				GCC_WARN_UNUSED_VARIABLE = YES;
				MACOSX_DEPLOYMENT_TARGET = 10.10;
				MTL_ENABLE_DEBUG_INFO = NO;
				SDKROOT = macosx;
			};
			name = Release;
		};
		A38C70701A91E146001CB0E3 /* Debug */ = {
			isa = XCBuildConfiguration;
			buildSettings = {
				ASSETCATALOG_COMPILER_APPICON_NAME = AppIcon;
				CLANG_ENABLE_OBJC_ARC = NO;
				COMBINE_HIDPI_IMAGES = YES;
				FRAMEWORK_SEARCH_PATHS = (
					"$(inherited)",
					"$(USER_LIBRARY_DIR)/Frameworks",
				);
				INFOPLIST_FILE = "Projet SDL Xcode6/Info.plist";
				LD_RUNPATH_SEARCH_PATHS = "$(inherited) @executable_path/../Frameworks";
				PRODUCT_NAME = "$(TARGET_NAME)";
			};
			name = Debug;
		};
		A38C70711A91E146001CB0E3 /* Release */ = {
			isa = XCBuildConfiguration;
			buildSettings = {
				ASSETCATALOG_COMPILER_APPICON_NAME = AppIcon;
				CLANG_ENABLE_OBJC_ARC = NO;
				COMBINE_HIDPI_IMAGES = YES;
				FRAMEWORK_SEARCH_PATHS = (
					"$(inherited)",
					"$(USER_LIBRARY_DIR)/Frameworks",
				);
				INFOPLIST_FILE = "Projet SDL Xcode6/Info.plist";
				LD_RUNPATH_SEARCH_PATHS = "$(inherited) @executable_path/../Frameworks";
				PRODUCT_NAME = "$(TARGET_NAME)";
			};
			name = Release;
		};
		A38C70731A91E146001CB0E3 /* Debug */ = {
			isa = XCBuildConfiguration;
			buildSettings = {
				BUNDLE_LOADER = "$(TEST_HOST)";
				COMBINE_HIDPI_IMAGES = YES;
				FRAMEWORK_SEARCH_PATHS = (
					"$(DEVELOPER_FRAMEWORKS_DIR)",
					"$(inherited)",
				);
				GCC_PREPROCESSOR_DEFINITIONS = (
					"DEBUG=1",
					"$(inherited)",
				);
				INFOPLIST_FILE = "Projet SDL Xcode6Tests/Info.plist";
				LD_RUNPATH_SEARCH_PATHS = "$(inherited) @executable_path/../Frameworks @loader_path/../Frameworks";
				PRODUCT_NAME = "$(TARGET_NAME)";
				TEST_HOST = "$(BUILT_PRODUCTS_DIR)/Projet SDL Xcode6.app/Contents/MacOS/Projet SDL Xcode6";
			};
			name = Debug;
		};
		A38C70741A91E146001CB0E3 /* Release */ = {
			isa = XCBuildConfiguration;
			buildSettings = {
				BUNDLE_LOADER = "$(TEST_HOST)";
				COMBINE_HIDPI_IMAGES = YES;
				FRAMEWORK_SEARCH_PATHS = (
					"$(DEVELOPER_FRAMEWORKS_DIR)",
					"$(inherited)",
				);
				INFOPLIST_FILE = "Projet SDL Xcode6Tests/Info.plist";
				LD_RUNPATH_SEARCH_PATHS = "$(inherited) @executable_path/../Frameworks @loader_path/../Frameworks";
				PRODUCT_NAME = "$(TARGET_NAME)";
				TEST_HOST = "$(BUILT_PRODUCTS_DIR)/Projet SDL Xcode6.app/Contents/MacOS/Projet SDL Xcode6";
			};
			name = Release;
		};
/* End XCBuildConfiguration section */

/* Begin XCConfigurationList section */
		A38C704D1A91E146001CB0E3 /* Build configuration list for PBXProject "Projet SDL Xcode6" */ = {
			isa = XCConfigurationList;
			buildConfigurations = (
				A38C706D1A91E146001CB0E3 /* Debug */,
				A38C706E1A91E146001CB0E3 /* Release */,
			);
			defaultConfigurationIsVisible = 0;
			defaultConfigurationName = Release;
		};
		A38C706F1A91E146001CB0E3 /* Build configuration list for PBXNativeTarget "Projet SDL Xcode6" */ = {
			isa = XCConfigurationList;
			buildConfigurations = (
				A38C70701A91E146001CB0E3 /* Debug */,
				A38C70711A91E146001CB0E3 /* Release */,
			);
			defaultConfigurationIsVisible = 0;
			defaultConfigurationName = Release;
		};
		A38C70721A91E146001CB0E3 /* Build configuration list for PBXNativeTarget "Projet SDL Xcode6Tests" */ = {
			isa = XCConfigurationList;
			buildConfigurations = (
				A38C70731A91E146001CB0E3 /* Debug */,
				A38C70741A91E146001CB0E3 /* Release */,
			);
			defaultConfigurationIsVisible = 0;
			defaultConfigurationName = Release;
		};
/* End XCConfigurationList section */
	};
	rootObject = A38C704A1A91E146001CB0E3 /* Project object */;
}
